
Microsoft Visual Studio Solution File, Format Version 12.00
# Visual Studio Version 17
VisualStudioVersion = 17.11.35208.52
MinimumVisualStudioVersion = 10.0.40219.1
Project("{9A19103F-16F7-4668-BE54-9A1E7A4F7556}") = "thundersApp", "WebApi\thundersApp.csproj", "{5687CF1E-A030-4BE2-B34E-F7A90F1449A2}"
	ProjectSection(ProjectDependencies) = postProject
		{94B16557-F86C-4338-8B5D-869952AB6388} = {94B16557-F86C-4338-8B5D-869952AB6388}
		{BF27C57F-0C91-4D70-868A-96C6042505F1} = {BF27C57F-0C91-4D70-868A-96C6042505F1}
	EndProjectSection
EndProject
Project("{9A19103F-16F7-4668-BE54-9A1E7A4F7556}") = "Domain", "Domain\Domain.csproj", "{94B16557-F86C-4338-8B5D-869952AB6388}"
EndProject
Project("{9A19103F-16F7-4668-BE54-9A1E7A4F7556}") = "Infrastructure", "Infrastructure\Infrastructure.csproj", "{BF27C57F-0C91-4D70-868A-96C6042505F1}"
EndProject
Project("{9A19103F-16F7-4668-BE54-9A1E7A4F7556}") = "Tests", "Tests\Tests.csproj", "{818BCA2C-A11C-46F9-93D1-5817F76F3141}"
EndProject
Project("{9A19103F-16F7-4668-BE54-9A1E7A4F7556}") = "Frontend", "Frontend\Frontend.csproj", "{1CB6B259-89EA-42CB-A191-783AF5ADD15D}"
EndProject
Global
	GlobalSection(SolutionConfigurationPlatforms) = preSolution
		Debug|Any CPU = Debug|Any CPU
		Release|Any CPU = Release|Any CPU
	EndGlobalSection
	GlobalSection(ProjectConfigurationPlatforms) = postSolution
		{5687CF1E-A030-4BE2-B34E-F7A90F1449A2}.Debug|Any CPU.ActiveCfg = Debug|Any CPU
		{5687CF1E-A030-4BE2-B34E-F7A90F1449A2}.Debug|Any CPU.Build.0 = Debug|Any CPU
		{5687CF1E-A030-4BE2-B34E-F7A90F1449A2}.Release|Any CPU.ActiveCfg = Release|Any CPU
		{5687CF1E-A030-4BE2-B34E-F7A90F1449A2}.Release|Any CPU.Build.0 = Release|Any CPU
		{94B16557-F86C-4338-8B5D-869952AB6388}.Debug|Any CPU.ActiveCfg = Debug|Any CPU
		{94B16557-F86C-4338-8B5D-869952AB6388}.Debug|Any CPU.Build.0 = Debug|Any CPU
		{94B16557-F86C-4338-8B5D-869952AB6388}.Release|Any CPU.ActiveCfg = Release|Any CPU
		{94B16557-F86C-4338-8B5D-869952AB6388}.Release|Any CPU.Build.0 = Release|Any CPU
		{BF27C57F-0C91-4D70-868A-96C6042505F1}.Debug|Any CPU.ActiveCfg = Debug|Any CPU
		{BF27C57F-0C91-4D70-868A-96C6042505F1}.Debug|Any CPU.Build.0 = Debug|Any CPU
		{BF27C57F-0C91-4D70-868A-96C6042505F1}.Release|Any CPU.ActiveCfg = Release|Any CPU
		{BF27C57F-0C91-4D70-868A-96C6042505F1}.Release|Any CPU.Build.0 = Release|Any CPU
		{818BCA2C-A11C-46F9-93D1-5817F76F3141}.Debug|Any CPU.ActiveCfg = Debug|Any CPU
		{818BCA2C-A11C-46F9-93D1-5817F76F3141}.Debug|Any CPU.Build.0 = Debug|Any CPU
		{818BCA2C-A11C-46F9-93D1-5817F76F3141}.Release|Any CPU.ActiveCfg = Release|Any CPU
		{818BCA2C-A11C-46F9-93D1-5817F76F3141}.Release|Any CPU.Build.0 = Release|Any CPU
		{1CB6B259-89EA-42CB-A191-783AF5ADD15D}.Debug|Any CPU.ActiveCfg = Debug|Any CPU
		{1CB6B259-89EA-42CB-A191-783AF5ADD15D}.Debug|Any CPU.Build.0 = Debug|Any CPU
		{1CB6B259-89EA-42CB-A191-783AF5ADD15D}.Release|Any CPU.ActiveCfg = Release|Any CPU
		{1CB6B259-89EA-42CB-A191-783AF5ADD15D}.Release|Any CPU.Build.0 = Release|Any CPU
	EndGlobalSection
	GlobalSection(SolutionProperties) = preSolution
		HideSolutionNode = FALSE
	EndGlobalSection
	GlobalSection(ExtensibilityGlobals) = postSolution
		SolutionGuid = {CF91FECE-784C-4EE5-98F1-6BBA6ADF2301}
	EndGlobalSection
EndGlobal
